
Microsoft Visual Studio Solution File, Format Version 11.00
# Visual C++ Express 2010
Project("{8BC9CEB8-8B4A-11D0-8D11-00A0C91BC942}") = "V2Template32", "V2Template32.vcxproj", "{E178A696-F319-4A03-9CF1-E709BA3B3EE2}"
EndProject
Global
	GlobalSection(SolutionConfigurationPlatforms) = preSolution
		Debug|Win32 = Debug|Win32
		Release_Small|Win32 = Release_Small|Win32
		Release|Win32 = Release|Win32
		Run_Only_Small|Win32 = Run_Only_Small|Win32
		Run_Only|Win32 = Run_Only|Win32
		Vitalize_Small|Win32 = Vitalize_Small|Win32
		Vitalize|Win32 = Vitalize|Win32
	EndGlobalSection
	GlobalSection(ProjectConfigurationPlatforms) = postSolution
		{E178A696-F319-4A03-9CF1-E709BA3B3EE2}.Debug|Win32.ActiveCfg = Debug|Win32
		{E178A696-F319-4A03-9CF1-E709BA3B3EE2}.Debug|Win32.Build.0 = Debug|Win32
		{E178A696-F319-4A03-9CF1-E709BA3B3EE2}.Release_Small|Win32.ActiveCfg = Release_Small|Win32
		{E178A696-F319-4A03-9CF1-E709BA3B3EE2}.Release_Small|Win32.Build.0 = Release_Small|Win32
		{E178A696-F319-4A03-9CF1-E709BA3B3EE2}.Release|Win32.ActiveCfg = Release|Win32
		{E178A696-F319-4A03-9CF1-E709BA3B3EE2}.Release|Win32.Build.0 = Release|Win32
		{E178A696-F319-4A03-9CF1-E709BA3B3EE2}.Run_Only_Small|Win32.ActiveCfg = Run_Only_Small|Win32
		{E178A696-F319-4A03-9CF1-E709BA3B3EE2}.Run_Only_Small|Win32.Build.0 = Run_Only_Small|Win32
		{E178A696-F319-4A03-9CF1-E709BA3B3EE2}.Run_Only|Win32.ActiveCfg = Run_Only|Win32
		{E178A696-F319-4A03-9CF1-E709BA3B3EE2}.Run_Only|Win32.Build.0 = Run_Only|Win32
		{E178A696-F319-4A03-9CF1-E709BA3B3EE2}.Vitalize_Small|Win32.ActiveCfg = Vitalize_Small|Win32
		{E178A696-F319-4A03-9CF1-E709BA3B3EE2}.Vitalize_Small|Win32.Build.0 = Vitalize_Small|Win32
		{E178A696-F319-4A03-9CF1-E709BA3B3EE2}.Vitalize|Win32.ActiveCfg = Vitalize|Win32
		{E178A696-F319-4A03-9CF1-E709BA3B3EE2}.Vitalize|Win32.Build.0 = Vitalize|Win32
	EndGlobalSection
	GlobalSection(SolutionProperties) = preSolution
		HideSolutionNode = FALSE
	EndGlobalSection
EndGlobal
